
Microsoft Visual Studio Solution File, Format Version 12.00
# Visual Studio Version 17
VisualStudioVersion = 17.0.31903.59
MinimumVisualStudioVersion = 10.0.40219.1
Project("{2150E333-8FDC-42A3-9474-1A3956D46DE8}") = "src", "src", "{827E0CD3-B72D-47B6-A68D-7590B98EB39B}"
EndProject
Project("{FAE04EC0-301F-11D3-BF4B-00C04F79EFBC}") = "ABC.BookStore.Domain.Shared", "src\ABC.BookStore.Domain.Shared\ABC.BookStore.Domain.Shared.csproj", "{B81A5E86-0BAA-4357-9249-5A60130F69E3}"
EndProject
Project("{FAE04EC0-301F-11D3-BF4B-00C04F79EFBC}") = "ABC.BookStore.Domain", "src\ABC.BookStore.Domain\ABC.BookStore.Domain.csproj", "{D59DF319-A28C-4AC7-9D72-5447ABAE8F33}"
EndProject
Project("{FAE04EC0-301F-11D3-BF4B-00C04F79EFBC}") = "ABC.BookStore.Application.Contracts", "src\ABC.BookStore.Application.Contracts\ABC.BookStore.Application.Contracts.csproj", "{C52A3A67-469D-418C-A84A-7E3F04E81645}"
EndProject
Project("{FAE04EC0-301F-11D3-BF4B-00C04F79EFBC}") = "ABC.BookStore.Application", "src\ABC.BookStore.Application\ABC.BookStore.Application.csproj", "{C97CF0B1-63F5-45A4-A498-CC449E1AD240}"
EndProject
Project("{FAE04EC0-301F-11D3-BF4B-00C04F79EFBC}") = "ABC.BookStore.EntityFrameworkCore", "src\ABC.BookStore.EntityFrameworkCore\ABC.BookStore.EntityFrameworkCore.csproj", "{F82B94EC-A8BC-47B8-99BE-32706E0C87E1}"
EndProject
Project("{FAE04EC0-301F-11D3-BF4B-00C04F79EFBC}") = "ABC.BookStore.HttpApi", "src\ABC.BookStore.HttpApi\ABC.BookStore.HttpApi.csproj", "{E210FB83-7AE7-4BEF-A6DD-934EEDB42279}"
EndProject
Project("{FAE04EC0-301F-11D3-BF4B-00C04F79EFBC}") = "ABC.BookStore.HttpApi.Host", "src\ABC.BookStore.HttpApi.Host\ABC.BookStore.HttpApi.Host.csproj", "{DFC7A8C8-2D46-482A-9BE3-CCAA4039593E}"
EndProject
Project("{FAE04EC0-301F-11D3-BF4B-00C04F79EFBC}") = "ABC.BookStore.HttpApi.Client", "src\ABC.BookStore.HttpApi.Client\ABC.BookStore.HttpApi.Client.csproj", "{23D51025-538F-4BDB-8989-B319362632E4}"
EndProject
Project("{FAE04EC0-301F-11D3-BF4B-00C04F79EFBC}") = "ABC.BookStore.DbMigrator", "src\ABC.BookStore.DbMigrator\ABC.BookStore.DbMigrator.csproj", "{0731D09D-DE9F-42D9-86AD-BE693DC53DDF}"
EndProject
Project("{2150E333-8FDC-42A3-9474-1A3956D46DE8}") = "Solution Items", "Solution Items", "{02EA681E-C7D8-13C7-8484-4AC65E1B71E8}"
	ProjectSection(SolutionItems) = preProject
		.editorconfig = .editorconfig
	EndProjectSection
EndProject
Global
	GlobalSection(SolutionConfigurationPlatforms) = preSolution
		Debug|Any CPU = Debug|Any CPU
		Debug|x64 = Debug|x64
		Debug|x86 = Debug|x86
		Release|Any CPU = Release|Any CPU
		Release|x64 = Release|x64
		Release|x86 = Release|x86
	EndGlobalSection
	GlobalSection(ProjectConfigurationPlatforms) = postSolution
		{B81A5E86-0BAA-4357-9249-5A60130F69E3}.Debug|Any CPU.ActiveCfg = Debug|Any CPU
		{B81A5E86-0BAA-4357-9249-5A60130F69E3}.Debug|Any CPU.Build.0 = Debug|Any CPU
		{B81A5E86-0BAA-4357-9249-5A60130F69E3}.Debug|x64.ActiveCfg = Debug|Any CPU
		{B81A5E86-0BAA-4357-9249-5A60130F69E3}.Debug|x64.Build.0 = Debug|Any CPU
		{B81A5E86-0BAA-4357-9249-5A60130F69E3}.Debug|x86.ActiveCfg = Debug|Any CPU
		{B81A5E86-0BAA-4357-9249-5A60130F69E3}.Debug|x86.Build.0 = Debug|Any CPU
		{B81A5E86-0BAA-4357-9249-5A60130F69E3}.Release|Any CPU.ActiveCfg = Release|Any CPU
		{B81A5E86-0BAA-4357-9249-5A60130F69E3}.Release|Any CPU.Build.0 = Release|Any CPU
		{B81A5E86-0BAA-4357-9249-5A60130F69E3}.Release|x64.ActiveCfg = Release|Any CPU
		{B81A5E86-0BAA-4357-9249-5A60130F69E3}.Release|x64.Build.0 = Release|Any CPU
		{B81A5E86-0BAA-4357-9249-5A60130F69E3}.Release|x86.ActiveCfg = Release|Any CPU
		{B81A5E86-0BAA-4357-9249-5A60130F69E3}.Release|x86.Build.0 = Release|Any CPU
		{D59DF319-A28C-4AC7-9D72-5447ABAE8F33}.Debug|Any CPU.ActiveCfg = Debug|Any CPU
		{D59DF319-A28C-4AC7-9D72-5447ABAE8F33}.Debug|Any CPU.Build.0 = Debug|Any CPU
		{D59DF319-A28C-4AC7-9D72-5447ABAE8F33}.Debug|x64.ActiveCfg = Debug|Any CPU
		{D59DF319-A28C-4AC7-9D72-5447ABAE8F33}.Debug|x64.Build.0 = Debug|Any CPU
		{D59DF319-A28C-4AC7-9D72-5447ABAE8F33}.Debug|x86.ActiveCfg = Debug|Any CPU
		{D59DF319-A28C-4AC7-9D72-5447ABAE8F33}.Debug|x86.Build.0 = Debug|Any CPU
		{D59DF319-A28C-4AC7-9D72-5447ABAE8F33}.Release|Any CPU.ActiveCfg = Release|Any CPU
		{D59DF319-A28C-4AC7-9D72-5447ABAE8F33}.Release|Any CPU.Build.0 = Release|Any CPU
		{D59DF319-A28C-4AC7-9D72-5447ABAE8F33}.Release|x64.ActiveCfg = Release|Any CPU
		{D59DF319-A28C-4AC7-9D72-5447ABAE8F33}.Release|x64.Build.0 = Release|Any CPU
		{D59DF319-A28C-4AC7-9D72-5447ABAE8F33}.Release|x86.ActiveCfg = Release|Any CPU
		{D59DF319-A28C-4AC7-9D72-5447ABAE8F33}.Release|x86.Build.0 = Release|Any CPU
		{C52A3A67-469D-418C-A84A-7E3F04E81645}.Debug|Any CPU.ActiveCfg = Debug|Any CPU
		{C52A3A67-469D-418C-A84A-7E3F04E81645}.Debug|Any CPU.Build.0 = Debug|Any CPU
		{C52A3A67-469D-418C-A84A-7E3F04E81645}.Debug|x64.ActiveCfg = Debug|Any CPU
		{C52A3A67-469D-418C-A84A-7E3F04E81645}.Debug|x64.Build.0 = Debug|Any CPU
		{C52A3A67-469D-418C-A84A-7E3F04E81645}.Debug|x86.ActiveCfg = Debug|Any CPU
		{C52A3A67-469D-418C-A84A-7E3F04E81645}.Debug|x86.Build.0 = Debug|Any CPU
		{C52A3A67-469D-418C-A84A-7E3F04E81645}.Release|Any CPU.ActiveCfg = Release|Any CPU
		{C52A3A67-469D-418C-A84A-7E3F04E81645}.Release|Any CPU.Build.0 = Release|Any CPU
		{C52A3A67-469D-418C-A84A-7E3F04E81645}.Release|x64.ActiveCfg = Release|Any CPU
		{C52A3A67-469D-418C-A84A-7E3F04E81645}.Release|x64.Build.0 = Release|Any CPU
		{C52A3A67-469D-418C-A84A-7E3F04E81645}.Release|x86.ActiveCfg = Release|Any CPU
		{C52A3A67-469D-418C-A84A-7E3F04E81645}.Release|x86.Build.0 = Release|Any CPU
		{C97CF0B1-63F5-45A4-A498-CC449E1AD240}.Debug|Any CPU.ActiveCfg = Debug|Any CPU
		{C97CF0B1-63F5-45A4-A498-CC449E1AD240}.Debug|Any CPU.Build.0 = Debug|Any CPU
		{C97CF0B1-63F5-45A4-A498-CC449E1AD240}.Debug|x64.ActiveCfg = Debug|Any CPU
		{C97CF0B1-63F5-45A4-A498-CC449E1AD240}.Debug|x64.Build.0 = Debug|Any CPU
		{C97CF0B1-63F5-45A4-A498-CC449E1AD240}.Debug|x86.ActiveCfg = Debug|Any CPU
		{C97CF0B1-63F5-45A4-A498-CC449E1AD240}.Debug|x86.Build.0 = Debug|Any CPU
		{C97CF0B1-63F5-45A4-A498-CC449E1AD240}.Release|Any CPU.ActiveCfg = Release|Any CPU
		{C97CF0B1-63F5-45A4-A498-CC449E1AD240}.Release|Any CPU.Build.0 = Release|Any CPU
		{C97CF0B1-63F5-45A4-A498-CC449E1AD240}.Release|x64.ActiveCfg = Release|Any CPU
		{C97CF0B1-63F5-45A4-A498-CC449E1AD240}.Release|x64.Build.0 = Release|Any CPU
		{C97CF0B1-63F5-45A4-A498-CC449E1AD240}.Release|x86.ActiveCfg = Release|Any CPU
		{C97CF0B1-63F5-45A4-A498-CC449E1AD240}.Release|x86.Build.0 = Release|Any CPU
		{F82B94EC-A8BC-47B8-99BE-32706E0C87E1}.Debug|Any CPU.ActiveCfg = Debug|Any CPU
		{F82B94EC-A8BC-47B8-99BE-32706E0C87E1}.Debug|Any CPU.Build.0 = Debug|Any CPU
		{F82B94EC-A8BC-47B8-99BE-32706E0C87E1}.Debug|x64.ActiveCfg = Debug|Any CPU
		{F82B94EC-A8BC-47B8-99BE-32706E0C87E1}.Debug|x64.Build.0 = Debug|Any CPU
		{F82B94EC-A8BC-47B8-99BE-32706E0C87E1}.Debug|x86.ActiveCfg = Debug|Any CPU
		{F82B94EC-A8BC-47B8-99BE-32706E0C87E1}.Debug|x86.Build.0 = Debug|Any CPU
		{F82B94EC-A8BC-47B8-99BE-32706E0C87E1}.Release|Any CPU.ActiveCfg = Release|Any CPU
		{F82B94EC-A8BC-47B8-99BE-32706E0C87E1}.Release|Any CPU.Build.0 = Release|Any CPU
		{F82B94EC-A8BC-47B8-99BE-32706E0C87E1}.Release|x64.ActiveCfg = Release|Any CPU
		{F82B94EC-A8BC-47B8-99BE-32706E0C87E1}.Release|x64.Build.0 = Release|Any CPU
		{F82B94EC-A8BC-47B8-99BE-32706E0C87E1}.Release|x86.ActiveCfg = Release|Any CPU
		{F82B94EC-A8BC-47B8-99BE-32706E0C87E1}.Release|x86.Build.0 = Release|Any CPU
		{E210FB83-7AE7-4BEF-A6DD-934EEDB42279}.Debug|Any CPU.ActiveCfg = Debug|Any CPU
		{E210FB83-7AE7-4BEF-A6DD-934EEDB42279}.Debug|Any CPU.Build.0 = Debug|Any CPU
		{E210FB83-7AE7-4BEF-A6DD-934EEDB42279}.Debug|x64.ActiveCfg = Debug|Any CPU
		{E210FB83-7AE7-4BEF-A6DD-934EEDB42279}.Debug|x64.Build.0 = Debug|Any CPU
		{E210FB83-7AE7-4BEF-A6DD-934EEDB42279}.Debug|x86.ActiveCfg = Debug|Any CPU
		{E210FB83-7AE7-4BEF-A6DD-934EEDB42279}.Debug|x86.Build.0 = Debug|Any CPU
		{E210FB83-7AE7-4BEF-A6DD-934EEDB42279}.Release|Any CPU.ActiveCfg = Release|Any CPU
		{E210FB83-7AE7-4BEF-A6DD-934EEDB42279}.Release|Any CPU.Build.0 = Release|Any CPU
		{E210FB83-7AE7-4BEF-A6DD-934EEDB42279}.Release|x64.ActiveCfg = Release|Any CPU
		{E210FB83-7AE7-4BEF-A6DD-934EEDB42279}.Release|x64.Build.0 = Release|Any CPU
		{E210FB83-7AE7-4BEF-A6DD-934EEDB42279}.Release|x86.ActiveCfg = Release|Any CPU
		{E210FB83-7AE7-4BEF-A6DD-934EEDB42279}.Release|x86.Build.0 = Release|Any CPU
		{DFC7A8C8-2D46-482A-9BE3-CCAA4039593E}.Debug|Any CPU.ActiveCfg = Debug|Any CPU
		{DFC7A8C8-2D46-482A-9BE3-CCAA4039593E}.Debug|Any CPU.Build.0 = Debug|Any CPU
		{DFC7A8C8-2D46-482A-9BE3-CCAA4039593E}.Debug|x64.ActiveCfg = Debug|Any CPU
		{DFC7A8C8-2D46-482A-9BE3-CCAA4039593E}.Debug|x64.Build.0 = Debug|Any CPU
		{DFC7A8C8-2D46-482A-9BE3-CCAA4039593E}.Debug|x86.ActiveCfg = Debug|Any CPU
		{DFC7A8C8-2D46-482A-9BE3-CCAA4039593E}.Debug|x86.Build.0 = Debug|Any CPU
		{DFC7A8C8-2D46-482A-9BE3-CCAA4039593E}.Release|Any CPU.ActiveCfg = Release|Any CPU
		{DFC7A8C8-2D46-482A-9BE3-CCAA4039593E}.Release|Any CPU.Build.0 = Release|Any CPU
		{DFC7A8C8-2D46-482A-9BE3-CCAA4039593E}.Release|x64.ActiveCfg = Release|Any CPU
		{DFC7A8C8-2D46-482A-9BE3-CCAA4039593E}.Release|x64.Build.0 = Release|Any CPU
		{DFC7A8C8-2D46-482A-9BE3-CCAA4039593E}.Release|x86.ActiveCfg = Release|Any CPU
		{DFC7A8C8-2D46-482A-9BE3-CCAA4039593E}.Release|x86.Build.0 = Release|Any CPU
		{23D51025-538F-4BDB-8989-B319362632E4}.Debug|Any CPU.ActiveCfg = Debug|Any CPU
		{23D51025-538F-4BDB-8989-B319362632E4}.Debug|Any CPU.Build.0 = Debug|Any CPU
		{23D51025-538F-4BDB-8989-B319362632E4}.Debug|x64.ActiveCfg = Debug|Any CPU
		{23D51025-538F-4BDB-8989-B319362632E4}.Debug|x64.Build.0 = Debug|Any CPU
		{23D51025-538F-4BDB-8989-B319362632E4}.Debug|x86.ActiveCfg = Debug|Any CPU
		{23D51025-538F-4BDB-8989-B319362632E4}.Debug|x86.Build.0 = Debug|Any CPU
		{23D51025-538F-4BDB-8989-B319362632E4}.Release|Any CPU.ActiveCfg = Release|Any CPU
		{23D51025-538F-4BDB-8989-B319362632E4}.Release|Any CPU.Build.0 = Release|Any CPU
		{23D51025-538F-4BDB-8989-B319362632E4}.Release|x64.ActiveCfg = Release|Any CPU
		{23D51025-538F-4BDB-8989-B319362632E4}.Release|x64.Build.0 = Release|Any CPU
		{23D51025-538F-4BDB-8989-B319362632E4}.Release|x86.ActiveCfg = Release|Any CPU
		{23D51025-538F-4BDB-8989-B319362632E4}.Release|x86.Build.0 = Release|Any CPU
		{0731D09D-DE9F-42D9-86AD-BE693DC53DDF}.Debug|Any CPU.ActiveCfg = Debug|Any CPU
		{0731D09D-DE9F-42D9-86AD-BE693DC53DDF}.Debug|Any CPU.Build.0 = Debug|Any CPU
		{0731D09D-DE9F-42D9-86AD-BE693DC53DDF}.Debug|x64.ActiveCfg = Debug|Any CPU
		{0731D09D-DE9F-42D9-86AD-BE693DC53DDF}.Debug|x64.Build.0 = Debug|Any CPU
		{0731D09D-DE9F-42D9-86AD-BE693DC53DDF}.Debug|x86.ActiveCfg = Debug|Any CPU
		{0731D09D-DE9F-42D9-86AD-BE693DC53DDF}.Debug|x86.Build.0 = Debug|Any CPU
		{0731D09D-DE9F-42D9-86AD-BE693DC53DDF}.Release|Any CPU.ActiveCfg = Release|Any CPU
		{0731D09D-DE9F-42D9-86AD-BE693DC53DDF}.Release|Any CPU.Build.0 = Release|Any CPU
		{0731D09D-DE9F-42D9-86AD-BE693DC53DDF}.Release|x64.ActiveCfg = Release|Any CPU
		{0731D09D-DE9F-42D9-86AD-BE693DC53DDF}.Release|x64.Build.0 = Release|Any CPU
		{0731D09D-DE9F-42D9-86AD-BE693DC53DDF}.Release|x86.ActiveCfg = Release|Any CPU
		{0731D09D-DE9F-42D9-86AD-BE693DC53DDF}.Release|x86.Build.0 = Release|Any CPU
	EndGlobalSection
	GlobalSection(SolutionProperties) = preSolution
		HideSolutionNode = FALSE
	EndGlobalSection
	GlobalSection(NestedProjects) = preSolution
		{B81A5E86-0BAA-4357-9249-5A60130F69E3} = {827E0CD3-B72D-47B6-A68D-7590B98EB39B}
		{D59DF319-A28C-4AC7-9D72-5447ABAE8F33} = {827E0CD3-B72D-47B6-A68D-7590B98EB39B}
		{C52A3A67-469D-418C-A84A-7E3F04E81645} = {827E0CD3-B72D-47B6-A68D-7590B98EB39B}
		{C97CF0B1-63F5-45A4-A498-CC449E1AD240} = {827E0CD3-B72D-47B6-A68D-7590B98EB39B}
		{F82B94EC-A8BC-47B8-99BE-32706E0C87E1} = {827E0CD3-B72D-47B6-A68D-7590B98EB39B}
		{E210FB83-7AE7-4BEF-A6DD-934EEDB42279} = {827E0CD3-B72D-47B6-A68D-7590B98EB39B}
		{DFC7A8C8-2D46-482A-9BE3-CCAA4039593E} = {827E0CD3-B72D-47B6-A68D-7590B98EB39B}
		{23D51025-538F-4BDB-8989-B319362632E4} = {827E0CD3-B72D-47B6-A68D-7590B98EB39B}
		{0731D09D-DE9F-42D9-86AD-BE693DC53DDF} = {827E0CD3-B72D-47B6-A68D-7590B98EB39B}
	EndGlobalSection
	GlobalSection(ExtensibilityGlobals) = postSolution
		SolutionGuid = {BADE1966-A903-4AAA-82B9-92A569C7DB25}
	EndGlobalSection
EndGlobal
